
Microsoft Visual Studio Solution File, Format Version 12.00
# Visual Studio Version 17
VisualStudioVersion = 17.14.36212.18 d17.14
MinimumVisualStudioVersion = 10.0.40219.1
Project("{FAE04EC0-301F-11D3-BF4B-00C04F79EFBC}") = "Magisterka", "Magisterka\Magisterka.csproj", "{51324BD8-4238-4244-AD2F-17D1143CC8FF}"
EndProject
Global
	GlobalSection(SolutionConfigurationPlatforms) = preSolution
		Debug|Any CPU = Debug|Any CPU
		Release|Any CPU = Release|Any CPU
	EndGlobalSection
	GlobalSection(ProjectConfigurationPlatforms) = postSolution
		{51324BD8-4238-4244-AD2F-17D1143CC8FF}.Debug|Any CPU.ActiveCfg = Debug|Any CPU
		{51324BD8-4238-4244-AD2F-17D1143CC8FF}.Debug|Any CPU.Build.0 = Debug|Any CPU
		{51324BD8-4238-4244-AD2F-17D1143CC8FF}.Release|Any CPU.ActiveCfg = Release|Any CPU
		{51324BD8-4238-4244-AD2F-17D1143CC8FF}.Release|Any CPU.Build.0 = Release|Any CPU
	EndGlobalSection
	GlobalSection(SolutionProperties) = preSolution
		HideSolutionNode = FALSE
	EndGlobalSection
	GlobalSection(ExtensibilityGlobals) = postSolution
		SolutionGuid = {23C24E4C-DEE9-4A2E-B465-46B2A4A4021F}
	EndGlobalSection
EndGlobal
